
Microsoft Visual Studio Solution File, Format Version 12.00
# Visual Studio Version 17
VisualStudioVersion = 17.7.34031.279
MinimumVisualStudioVersion = 10.0.40219.1
Project("{FAE04EC0-301F-11D3-BF4B-00C04F79EFBC}") = "BuberBreakfast.Contracts", "BuberBreakfast.Contracts\BuberBreakfast.Contracts.csproj", "{3E908E1B-632F-4F44-9FFA-E0C8BFF05121}"
EndProject
Project("{FAE04EC0-301F-11D3-BF4B-00C04F79EFBC}") = "BuberBreakfast", "BuberBreakfast\BuberBreakfast.csproj", "{38F023CE-6DC6-44B6-97F6-B6E6C17E9884}"
EndProject
Project("{2150E333-8FDC-42A3-9474-1A3956D46DE8}") = "Docs", "Docs", "{92F19B23-30FB-41A6-938C-081D52EB731C}"
	ProjectSection(SolutionItems) = preProject
		Api.md = Api.md
	EndProjectSection
EndProject
Global
	GlobalSection(SolutionConfigurationPlatforms) = preSolution
		Debug|Any CPU = Debug|Any CPU
		Release|Any CPU = Release|Any CPU
	EndGlobalSection
	GlobalSection(ProjectConfigurationPlatforms) = postSolution
		{3E908E1B-632F-4F44-9FFA-E0C8BFF05121}.Debug|Any CPU.ActiveCfg = Debug|Any CPU
		{3E908E1B-632F-4F44-9FFA-E0C8BFF05121}.Debug|Any CPU.Build.0 = Debug|Any CPU
		{3E908E1B-632F-4F44-9FFA-E0C8BFF05121}.Release|Any CPU.ActiveCfg = Release|Any CPU
		{3E908E1B-632F-4F44-9FFA-E0C8BFF05121}.Release|Any CPU.Build.0 = Release|Any CPU
		{38F023CE-6DC6-44B6-97F6-B6E6C17E9884}.Debug|Any CPU.ActiveCfg = Debug|Any CPU
		{38F023CE-6DC6-44B6-97F6-B6E6C17E9884}.Debug|Any CPU.Build.0 = Debug|Any CPU
		{38F023CE-6DC6-44B6-97F6-B6E6C17E9884}.Release|Any CPU.ActiveCfg = Release|Any CPU
		{38F023CE-6DC6-44B6-97F6-B6E6C17E9884}.Release|Any CPU.Build.0 = Release|Any CPU
	EndGlobalSection
	GlobalSection(SolutionProperties) = preSolution
		HideSolutionNode = FALSE
	EndGlobalSection
	GlobalSection(ExtensibilityGlobals) = postSolution
		SolutionGuid = {E4B479CF-B5FC-4361-B291-4362E526397A}
	EndGlobalSection
EndGlobal
